
Microsoft Visual Studio Solution File, Format Version 12.00
# Visual Studio Version 17
VisualStudioVersion = 17.4.33205.214
MinimumVisualStudioVersion = 10.0.40219.1
Project("{FAE04EC0-301F-11D3-BF4B-00C04F79EFBC}") = "aval + aiineii", "aval + aiineii\aval + aiineii.csproj", "{A8C8816F-795F-4B42-ADC5-45B9CBCA9372}"
EndProject
Global
	GlobalSection(SolutionConfigurationPlatforms) = preSolution
		Debug|Any CPU = Debug|Any CPU
		Release|Any CPU = Release|Any CPU
	EndGlobalSection
	GlobalSection(ProjectConfigurationPlatforms) = postSolution
		{A8C8816F-795F-4B42-ADC5-45B9CBCA9372}.Debug|Any CPU.ActiveCfg = Debug|Any CPU
		{A8C8816F-795F-4B42-ADC5-45B9CBCA9372}.Debug|Any CPU.Build.0 = Debug|Any CPU
		{A8C8816F-795F-4B42-ADC5-45B9CBCA9372}.Release|Any CPU.ActiveCfg = Release|Any CPU
		{A8C8816F-795F-4B42-ADC5-45B9CBCA9372}.Release|Any CPU.Build.0 = Release|Any CPU
	EndGlobalSection
	GlobalSection(SolutionProperties) = preSolution
		HideSolutionNode = FALSE
	EndGlobalSection
	GlobalSection(ExtensibilityGlobals) = postSolution
		SolutionGuid = {7FA818EF-1A01-4976-9DC2-5A9B92A6DC86}
	EndGlobalSection
EndGlobal
